
Microsoft Visual Studio Solution File, Format Version 12.00
# Visual Studio 15
VisualStudioVersion = 15.0.27130.2036
MinimumVisualStudioVersion = 10.0.40219.1
Project("{888888A0-9F3D-457C-B088-3A5042F75D52}") = "MiniProject", "MiniProject\MiniProject.pyproj", "{40182F9D-6C3C-4F0C-8860-C1C0D3CE9054}"
EndProject
Global
	GlobalSection(SolutionConfigurationPlatforms) = preSolution
		Debug|Any CPU = Debug|Any CPU
		Release|Any CPU = Release|Any CPU
	EndGlobalSection
	GlobalSection(ProjectConfigurationPlatforms) = postSolution
		{40182F9D-6C3C-4F0C-8860-C1C0D3CE9054}.Debug|Any CPU.ActiveCfg = Debug|Any CPU
		{40182F9D-6C3C-4F0C-8860-C1C0D3CE9054}.Release|Any CPU.ActiveCfg = Release|Any CPU
	EndGlobalSection
	GlobalSection(SolutionProperties) = preSolution
		HideSolutionNode = FALSE
	EndGlobalSection
	GlobalSection(ExtensibilityGlobals) = postSolution
		SolutionGuid = {1541B6BA-AA76-4881-9145-E02886E678CE}
	EndGlobalSection
EndGlobal
